
Microsoft Visual Studio Solution File, Format Version 12.00
# Visual Studio 15
VisualStudioVersion = 15.0.28307.1062
MinimumVisualStudioVersion = 10.0.40219.1
Project("{FAE04EC0-301F-11D3-BF4B-00C04F79EFBC}") = "WebApplicationOthelo", "WebApplicationOthelo\WebApplicationOthelo.csproj", "{B1B63D87-0C26-42AE-A63A-2D924ED6F0C5}"
EndProject
Global
	GlobalSection(SolutionConfigurationPlatforms) = preSolution
		Debug|Any CPU = Debug|Any CPU
		Release|Any CPU = Release|Any CPU
	EndGlobalSection
	GlobalSection(ProjectConfigurationPlatforms) = postSolution
		{B1B63D87-0C26-42AE-A63A-2D924ED6F0C5}.Debug|Any CPU.ActiveCfg = Debug|Any CPU
		{B1B63D87-0C26-42AE-A63A-2D924ED6F0C5}.Debug|Any CPU.Build.0 = Debug|Any CPU
		{B1B63D87-0C26-42AE-A63A-2D924ED6F0C5}.Release|Any CPU.ActiveCfg = Release|Any CPU
		{B1B63D87-0C26-42AE-A63A-2D924ED6F0C5}.Release|Any CPU.Build.0 = Release|Any CPU
	EndGlobalSection
	GlobalSection(SolutionProperties) = preSolution
		HideSolutionNode = FALSE
	EndGlobalSection
	GlobalSection(ExtensibilityGlobals) = postSolution
		SolutionGuid = {BBAAAA23-7E6A-469B-9951-EA851D8F6FF5}
	EndGlobalSection
EndGlobal
